
Microsoft Visual Studio Solution File, Format Version 12.00
# Visual Studio Version 17
VisualStudioVersion = 17.1.32210.238
MinimumVisualStudioVersion = 10.0.40219.1
Project("{FAE04EC0-301F-11D3-BF4B-00C04F79EFBC}") = "Reselling", "Reselling\Reselling.csproj", "{CEDF02D8-628B-4924-B5FF-D6C78C2471E4}"
EndProject
Global
	GlobalSection(SolutionConfigurationPlatforms) = preSolution
		Debug|Any CPU = Debug|Any CPU
		Release|Any CPU = Release|Any CPU
	EndGlobalSection
	GlobalSection(ProjectConfigurationPlatforms) = postSolution
		{CEDF02D8-628B-4924-B5FF-D6C78C2471E4}.Debug|Any CPU.ActiveCfg = Debug|Any CPU
		{CEDF02D8-628B-4924-B5FF-D6C78C2471E4}.Debug|Any CPU.Build.0 = Debug|Any CPU
		{CEDF02D8-628B-4924-B5FF-D6C78C2471E4}.Release|Any CPU.ActiveCfg = Release|Any CPU
		{CEDF02D8-628B-4924-B5FF-D6C78C2471E4}.Release|Any CPU.Build.0 = Release|Any CPU
	EndGlobalSection
	GlobalSection(SolutionProperties) = preSolution
		HideSolutionNode = FALSE
	EndGlobalSection
	GlobalSection(ExtensibilityGlobals) = postSolution
		SolutionGuid = {6AC0042F-70AC-4AE6-99AE-B0EEA9E4C0C5}
	EndGlobalSection
EndGlobal
